
Microsoft Visual Studio Solution File, Format Version 12.00
# Visual Studio Version 16
VisualStudioVersion = 16.0.29709.97
MinimumVisualStudioVersion = 10.0.40219.1
Project("{FAE04EC0-301F-11D3-BF4B-00C04F79EFBC}") = "WordAddIn2", "WordAddIn2\WordAddIn2.csproj", "{15757E0F-2CCA-435A-BF06-F5760C4B16F5}"
EndProject
Global
	GlobalSection(SolutionConfigurationPlatforms) = preSolution
		Debug|Any CPU = Debug|Any CPU
		Release|Any CPU = Release|Any CPU
	EndGlobalSection
	GlobalSection(ProjectConfigurationPlatforms) = postSolution
		{15757E0F-2CCA-435A-BF06-F5760C4B16F5}.Debug|Any CPU.ActiveCfg = Debug|Any CPU
		{15757E0F-2CCA-435A-BF06-F5760C4B16F5}.Debug|Any CPU.Build.0 = Debug|Any CPU
		{15757E0F-2CCA-435A-BF06-F5760C4B16F5}.Release|Any CPU.ActiveCfg = Release|Any CPU
		{15757E0F-2CCA-435A-BF06-F5760C4B16F5}.Release|Any CPU.Build.0 = Release|Any CPU
	EndGlobalSection
	GlobalSection(SolutionProperties) = preSolution
		HideSolutionNode = FALSE
	EndGlobalSection
	GlobalSection(ExtensibilityGlobals) = postSolution
		SolutionGuid = {9B82E7F0-FA6E-4B1F-AA0A-DCF5A5F5B6C0}
	EndGlobalSection
EndGlobal
